
Microsoft Visual Studio Solution File, Format Version 12.00
# Visual Studio 15
VisualStudioVersion = 15.0.26430.13
MinimumVisualStudioVersion = 10.0.40219.1
Project("{FAE04EC0-301F-11D3-BF4B-00C04F79EFBC}") = "FirstMVCApp", "FirstMVCApp\FirstMVCApp.csproj", "{0006CE5F-C5FE-4823-A6E3-604A0385E5A5}"
EndProject
Project("{FAE04EC0-301F-11D3-BF4B-00C04F79EFBC}") = "FirstMVCApp.Tests", "FirstMVCApp.Tests\FirstMVCApp.Tests.csproj", "{EAF7EC0A-864D-4D3B-967C-C7513F79BAEA}"
EndProject
Global
	GlobalSection(SolutionConfigurationPlatforms) = preSolution
		Debug|Any CPU = Debug|Any CPU
		Release|Any CPU = Release|Any CPU
	EndGlobalSection
	GlobalSection(ProjectConfigurationPlatforms) = postSolution
		{0006CE5F-C5FE-4823-A6E3-604A0385E5A5}.Debug|Any CPU.ActiveCfg = Debug|Any CPU
		{0006CE5F-C5FE-4823-A6E3-604A0385E5A5}.Debug|Any CPU.Build.0 = Debug|Any CPU
		{0006CE5F-C5FE-4823-A6E3-604A0385E5A5}.Release|Any CPU.ActiveCfg = Release|Any CPU
		{0006CE5F-C5FE-4823-A6E3-604A0385E5A5}.Release|Any CPU.Build.0 = Release|Any CPU
		{EAF7EC0A-864D-4D3B-967C-C7513F79BAEA}.Debug|Any CPU.ActiveCfg = Debug|Any CPU
		{EAF7EC0A-864D-4D3B-967C-C7513F79BAEA}.Debug|Any CPU.Build.0 = Debug|Any CPU
		{EAF7EC0A-864D-4D3B-967C-C7513F79BAEA}.Release|Any CPU.ActiveCfg = Release|Any CPU
		{EAF7EC0A-864D-4D3B-967C-C7513F79BAEA}.Release|Any CPU.Build.0 = Release|Any CPU
	EndGlobalSection
	GlobalSection(SolutionProperties) = preSolution
		HideSolutionNode = FALSE
	EndGlobalSection
EndGlobal
